
Microsoft Visual Studio Solution File, Format Version 12.00
# Visual Studio Version 16
VisualStudioVersion = 16.0.33529.622
MinimumVisualStudioVersion = 10.0.40219.1
Project("{8BC9CEB8-8B4A-11D0-8D11-00A0C91BC942}") = "Prac1", "Prac1\Prac1.vcxproj", "{8BFB60E6-4710-4237-900E-F915FF9DF873}"
EndProject
Global
	GlobalSection(SolutionConfigurationPlatforms) = preSolution
		Debug|x64 = Debug|x64
		Debug|x86 = Debug|x86
		Release|x64 = Release|x64
		Release|x86 = Release|x86
	EndGlobalSection
	GlobalSection(ProjectConfigurationPlatforms) = postSolution
		{8BFB60E6-4710-4237-900E-F915FF9DF873}.Debug|x64.ActiveCfg = Debug|x64
		{8BFB60E6-4710-4237-900E-F915FF9DF873}.Debug|x64.Build.0 = Debug|x64
		{8BFB60E6-4710-4237-900E-F915FF9DF873}.Debug|x86.ActiveCfg = Debug|Win32
		{8BFB60E6-4710-4237-900E-F915FF9DF873}.Debug|x86.Build.0 = Debug|Win32
		{8BFB60E6-4710-4237-900E-F915FF9DF873}.Release|x64.ActiveCfg = Release|x64
		{8BFB60E6-4710-4237-900E-F915FF9DF873}.Release|x64.Build.0 = Release|x64
		{8BFB60E6-4710-4237-900E-F915FF9DF873}.Release|x86.ActiveCfg = Release|Win32
		{8BFB60E6-4710-4237-900E-F915FF9DF873}.Release|x86.Build.0 = Release|Win32
	EndGlobalSection
	GlobalSection(SolutionProperties) = preSolution
		HideSolutionNode = FALSE
	EndGlobalSection
	GlobalSection(ExtensibilityGlobals) = postSolution
		SolutionGuid = {6F0DA40D-5613-4405-935D-773AA11BD651}
	EndGlobalSection
EndGlobal
